
Microsoft Visual Studio Solution File, Format Version 12.00
# Visual Studio Version 16
VisualStudioVersion = 16.0.30225.117
MinimumVisualStudioVersion = 10.0.40219.1
Project("{9A19103F-16F7-4668-BE54-9A1E7A4F7556}") = "s02170150", "s02170150.csproj", "{6DFEDC7C-C93C-46FE-8657-773E8A59621A}"
EndProject
Global
	GlobalSection(SolutionConfigurationPlatforms) = preSolution
		Debug|Any CPU = Debug|Any CPU
		Release|Any CPU = Release|Any CPU
	EndGlobalSection
	GlobalSection(ProjectConfigurationPlatforms) = postSolution
		{6DFEDC7C-C93C-46FE-8657-773E8A59621A}.Debug|Any CPU.ActiveCfg = Debug|Any CPU
		{6DFEDC7C-C93C-46FE-8657-773E8A59621A}.Debug|Any CPU.Build.0 = Debug|Any CPU
		{6DFEDC7C-C93C-46FE-8657-773E8A59621A}.Release|Any CPU.ActiveCfg = Release|Any CPU
		{6DFEDC7C-C93C-46FE-8657-773E8A59621A}.Release|Any CPU.Build.0 = Release|Any CPU
	EndGlobalSection
	GlobalSection(SolutionProperties) = preSolution
		HideSolutionNode = FALSE
	EndGlobalSection
	GlobalSection(ExtensibilityGlobals) = postSolution
		SolutionGuid = {328C3C5F-8B25-4151-99B5-8DF3518974FA}
	EndGlobalSection
EndGlobal
